
Microsoft Visual Studio Solution File, Format Version 12.00
# Visual Studio Version 17
VisualStudioVersion = 17.6.33717.318
MinimumVisualStudioVersion = 10.0.40219.1
Project("{8BC9CEB8-8B4A-11D0-8D11-00A0C91BC942}") = "三子棋", "三子棋\三子棋.vcxproj", "{A1FFAD21-E24E-4914-84B3-5EA20DDA90CD}"
EndProject
Global
	GlobalSection(SolutionConfigurationPlatforms) = preSolution
		Debug|x64 = Debug|x64
		Debug|x86 = Debug|x86
		Release|x64 = Release|x64
		Release|x86 = Release|x86
	EndGlobalSection
	GlobalSection(ProjectConfigurationPlatforms) = postSolution
		{A1FFAD21-E24E-4914-84B3-5EA20DDA90CD}.Debug|x64.ActiveCfg = Debug|x64
		{A1FFAD21-E24E-4914-84B3-5EA20DDA90CD}.Debug|x64.Build.0 = Debug|x64
		{A1FFAD21-E24E-4914-84B3-5EA20DDA90CD}.Debug|x86.ActiveCfg = Debug|Win32
		{A1FFAD21-E24E-4914-84B3-5EA20DDA90CD}.Debug|x86.Build.0 = Debug|Win32
		{A1FFAD21-E24E-4914-84B3-5EA20DDA90CD}.Release|x64.ActiveCfg = Release|x64
		{A1FFAD21-E24E-4914-84B3-5EA20DDA90CD}.Release|x64.Build.0 = Release|x64
		{A1FFAD21-E24E-4914-84B3-5EA20DDA90CD}.Release|x86.ActiveCfg = Release|Win32
		{A1FFAD21-E24E-4914-84B3-5EA20DDA90CD}.Release|x86.Build.0 = Release|Win32
	EndGlobalSection
	GlobalSection(SolutionProperties) = preSolution
		HideSolutionNode = FALSE
	EndGlobalSection
	GlobalSection(ExtensibilityGlobals) = postSolution
		SolutionGuid = {40BBD1EA-9C82-448C-AC2A-35324264CBE0}
	EndGlobalSection
EndGlobal
